
Microsoft Visual Studio Solution File, Format Version 12.00
# Visual Studio Version 17
VisualStudioVersion = 17.4.33020.496
MinimumVisualStudioVersion = 10.0.40219.1
Project("{8BC9CEB8-8B4A-11D0-8D11-00A0C91BC942}") = "Lesson2", "Lesson2\Lesson2.vcxproj", "{BE04D42A-4F17-4E23-8797-3B213FDE5B35}"
EndProject
Global
	GlobalSection(SolutionConfigurationPlatforms) = preSolution
		Debug|x64 = Debug|x64
		Debug|x86 = Debug|x86
		Release|x64 = Release|x64
		Release|x86 = Release|x86
	EndGlobalSection
	GlobalSection(ProjectConfigurationPlatforms) = postSolution
		{BE04D42A-4F17-4E23-8797-3B213FDE5B35}.Debug|x64.ActiveCfg = Debug|x64
		{BE04D42A-4F17-4E23-8797-3B213FDE5B35}.Debug|x64.Build.0 = Debug|x64
		{BE04D42A-4F17-4E23-8797-3B213FDE5B35}.Debug|x86.ActiveCfg = Debug|Win32
		{BE04D42A-4F17-4E23-8797-3B213FDE5B35}.Debug|x86.Build.0 = Debug|Win32
		{BE04D42A-4F17-4E23-8797-3B213FDE5B35}.Release|x64.ActiveCfg = Release|x64
		{BE04D42A-4F17-4E23-8797-3B213FDE5B35}.Release|x64.Build.0 = Release|x64
		{BE04D42A-4F17-4E23-8797-3B213FDE5B35}.Release|x86.ActiveCfg = Release|Win32
		{BE04D42A-4F17-4E23-8797-3B213FDE5B35}.Release|x86.Build.0 = Release|Win32
	EndGlobalSection
	GlobalSection(SolutionProperties) = preSolution
		HideSolutionNode = FALSE
	EndGlobalSection
	GlobalSection(ExtensibilityGlobals) = postSolution
		SolutionGuid = {7093751F-747F-4A3E-AE6A-3E9494523731}
	EndGlobalSection
EndGlobal
