
Microsoft Visual Studio Solution File, Format Version 12.00
# Visual Studio Version 17
VisualStudioVersion = 17.8.34309.116
MinimumVisualStudioVersion = 10.0.40219.1
Project("{FAE04EC0-301F-11D3-BF4B-00C04F79EFBC}") = "BookDownloader", "BookDownloader\BookDownloader.csproj", "{DF601357-F366-4D9D-BC63-FE15F89B8813}"
EndProject
Global
	GlobalSection(SolutionConfigurationPlatforms) = preSolution
		Debug|Any CPU = Debug|Any CPU
		Release|Any CPU = Release|Any CPU
	EndGlobalSection
	GlobalSection(ProjectConfigurationPlatforms) = postSolution
		{DF601357-F366-4D9D-BC63-FE15F89B8813}.Debug|Any CPU.ActiveCfg = Debug|Any CPU
		{DF601357-F366-4D9D-BC63-FE15F89B8813}.Debug|Any CPU.Build.0 = Debug|Any CPU
		{DF601357-F366-4D9D-BC63-FE15F89B8813}.Release|Any CPU.ActiveCfg = Release|Any CPU
		{DF601357-F366-4D9D-BC63-FE15F89B8813}.Release|Any CPU.Build.0 = Release|Any CPU
	EndGlobalSection
	GlobalSection(SolutionProperties) = preSolution
		HideSolutionNode = FALSE
	EndGlobalSection
	GlobalSection(ExtensibilityGlobals) = postSolution
		SolutionGuid = {A32C6199-440F-4B51-AEC4-331AFF819EF3}
	EndGlobalSection
EndGlobal
