
Microsoft Visual Studio Solution File, Format Version 12.00
Project("{FAE04EC0-301F-11D3-BF4B-00C04F79EFBC}") = "Serialization", "Serialization\Serialization.csproj", "{936D9FF5-037F-45DC-BEE5-E9D9CEDF81DB}"
EndProject
Global
	GlobalSection(SolutionConfigurationPlatforms) = preSolution
		Debug|Any CPU = Debug|Any CPU
		Release|Any CPU = Release|Any CPU
	EndGlobalSection
	GlobalSection(ProjectConfigurationPlatforms) = postSolution
		{936D9FF5-037F-45DC-BEE5-E9D9CEDF81DB}.Debug|Any CPU.ActiveCfg = Debug|Any CPU
		{936D9FF5-037F-45DC-BEE5-E9D9CEDF81DB}.Debug|Any CPU.Build.0 = Debug|Any CPU
		{936D9FF5-037F-45DC-BEE5-E9D9CEDF81DB}.Release|Any CPU.ActiveCfg = Release|Any CPU
		{936D9FF5-037F-45DC-BEE5-E9D9CEDF81DB}.Release|Any CPU.Build.0 = Release|Any CPU
	EndGlobalSection
EndGlobal
