
Microsoft Visual Studio Solution File, Format Version 12.00
Project("{FAE04EC0-301F-11D3-BF4B-00C04F79EFBC}") = "MongoDbIntro", "MongoDbIntro\MongoDbIntro.csproj", "{CC5AAEC2-0602-422A-B136-D70A921E7E73}"
EndProject
Project("{FAE04EC0-301F-11D3-BF4B-00C04F79EFBC}") = "Mapping", "Mapping\Mapping.csproj", "{AD0FDAA1-7390-4C2B-AB8E-DFEF2B27CB0D}"
EndProject
Global
	GlobalSection(SolutionConfigurationPlatforms) = preSolution
		Debug|Any CPU = Debug|Any CPU
		Release|Any CPU = Release|Any CPU
	EndGlobalSection
	GlobalSection(ProjectConfigurationPlatforms) = postSolution
		{CC5AAEC2-0602-422A-B136-D70A921E7E73}.Debug|Any CPU.ActiveCfg = Debug|Any CPU
		{CC5AAEC2-0602-422A-B136-D70A921E7E73}.Debug|Any CPU.Build.0 = Debug|Any CPU
		{CC5AAEC2-0602-422A-B136-D70A921E7E73}.Release|Any CPU.ActiveCfg = Release|Any CPU
		{CC5AAEC2-0602-422A-B136-D70A921E7E73}.Release|Any CPU.Build.0 = Release|Any CPU
		{AD0FDAA1-7390-4C2B-AB8E-DFEF2B27CB0D}.Debug|Any CPU.ActiveCfg = Debug|Any CPU
		{AD0FDAA1-7390-4C2B-AB8E-DFEF2B27CB0D}.Debug|Any CPU.Build.0 = Debug|Any CPU
		{AD0FDAA1-7390-4C2B-AB8E-DFEF2B27CB0D}.Release|Any CPU.ActiveCfg = Release|Any CPU
		{AD0FDAA1-7390-4C2B-AB8E-DFEF2B27CB0D}.Release|Any CPU.Build.0 = Release|Any CPU
	EndGlobalSection
EndGlobal
