
Microsoft Visual Studio Solution File, Format Version 12.00
Project("{FAE04EC0-301F-11D3-BF4B-00C04F79EFBC}") = "CodeFirst", "CodeFirst\CodeFirst.csproj", "{37EB11F4-E38A-44E3-B6B6-37AC7D832F43}"
EndProject
Project("{FAE04EC0-301F-11D3-BF4B-00C04F79EFBC}") = "TechDataLayer", "TechDataLayer\TechDataLayer.csproj", "{C6A038BA-E6CD-472A-94A0-9CE8A74B650E}"
EndProject
Project("{FAE04EC0-301F-11D3-BF4B-00C04F79EFBC}") = "LINQ1", "LINQ1\LINQ1.csproj", "{2F5D2C5E-A586-416D-A3FE-327AE69D00FC}"
EndProject
Global
	GlobalSection(SolutionConfigurationPlatforms) = preSolution
		Debug|Any CPU = Debug|Any CPU
		Release|Any CPU = Release|Any CPU
	EndGlobalSection
	GlobalSection(ProjectConfigurationPlatforms) = postSolution
		{37EB11F4-E38A-44E3-B6B6-37AC7D832F43}.Debug|Any CPU.ActiveCfg = Debug|Any CPU
		{37EB11F4-E38A-44E3-B6B6-37AC7D832F43}.Debug|Any CPU.Build.0 = Debug|Any CPU
		{37EB11F4-E38A-44E3-B6B6-37AC7D832F43}.Release|Any CPU.ActiveCfg = Release|Any CPU
		{37EB11F4-E38A-44E3-B6B6-37AC7D832F43}.Release|Any CPU.Build.0 = Release|Any CPU
		{C6A038BA-E6CD-472A-94A0-9CE8A74B650E}.Debug|Any CPU.ActiveCfg = Debug|Any CPU
		{C6A038BA-E6CD-472A-94A0-9CE8A74B650E}.Debug|Any CPU.Build.0 = Debug|Any CPU
		{C6A038BA-E6CD-472A-94A0-9CE8A74B650E}.Release|Any CPU.ActiveCfg = Release|Any CPU
		{C6A038BA-E6CD-472A-94A0-9CE8A74B650E}.Release|Any CPU.Build.0 = Release|Any CPU
		{2F5D2C5E-A586-416D-A3FE-327AE69D00FC}.Debug|Any CPU.ActiveCfg = Debug|Any CPU
		{2F5D2C5E-A586-416D-A3FE-327AE69D00FC}.Debug|Any CPU.Build.0 = Debug|Any CPU
		{2F5D2C5E-A586-416D-A3FE-327AE69D00FC}.Release|Any CPU.ActiveCfg = Release|Any CPU
		{2F5D2C5E-A586-416D-A3FE-327AE69D00FC}.Release|Any CPU.Build.0 = Release|Any CPU
	EndGlobalSection
EndGlobal
