
Microsoft Visual Studio Solution File, Format Version 12.00
Project("{FAE04EC0-301F-11D3-BF4B-00C04F79EFBC}") = "ApiGateway", "ApiGateway.csproj", "{B3584F7E-55B3-4DFE-844E-E778599A2193}"
EndProject
Global
	GlobalSection(SolutionConfigurationPlatforms) = preSolution
		Debug|Any CPU = Debug|Any CPU
		Release|Any CPU = Release|Any CPU
	EndGlobalSection
	GlobalSection(ProjectConfigurationPlatforms) = postSolution
		{B3584F7E-55B3-4DFE-844E-E778599A2193}.Debug|Any CPU.ActiveCfg = Debug|Any CPU
		{B3584F7E-55B3-4DFE-844E-E778599A2193}.Debug|Any CPU.Build.0 = Debug|Any CPU
		{B3584F7E-55B3-4DFE-844E-E778599A2193}.Release|Any CPU.ActiveCfg = Release|Any CPU
		{B3584F7E-55B3-4DFE-844E-E778599A2193}.Release|Any CPU.Build.0 = Release|Any CPU
	EndGlobalSection
EndGlobal
