
Microsoft Visual Studio Solution File, Format Version 12.00
Project("{FAE04EC0-301F-11D3-BF4B-00C04F79EFBC}") = "Records", "Records\Records.csproj", "{BBB25B26-BCA9-4E6C-8F01-3CCBD562F4B8}"
EndProject
Global
	GlobalSection(SolutionConfigurationPlatforms) = preSolution
		Debug|Any CPU = Debug|Any CPU
		Release|Any CPU = Release|Any CPU
	EndGlobalSection
	GlobalSection(ProjectConfigurationPlatforms) = postSolution
		{BBB25B26-BCA9-4E6C-8F01-3CCBD562F4B8}.Debug|Any CPU.ActiveCfg = Debug|Any CPU
		{BBB25B26-BCA9-4E6C-8F01-3CCBD562F4B8}.Debug|Any CPU.Build.0 = Debug|Any CPU
		{BBB25B26-BCA9-4E6C-8F01-3CCBD562F4B8}.Release|Any CPU.ActiveCfg = Release|Any CPU
		{BBB25B26-BCA9-4E6C-8F01-3CCBD562F4B8}.Release|Any CPU.Build.0 = Release|Any CPU
	EndGlobalSection
EndGlobal
