
Microsoft Visual Studio Solution File, Format Version 12.00
# Visual Studio Version 17
VisualStudioVersion = 17.6.33815.320
MinimumVisualStudioVersion = 10.0.40219.1
Project("{00D1A9C2-B5F0-4AF3-8072-F6C62B433612}") = "MultiTableDbLesson", "MultiTableDbLesson\MultiTableDbLesson.sqlproj", "{0A1B5F99-1867-42C9-9568-CAD7B610CC2C}"
EndProject
Global
	GlobalSection(SolutionConfigurationPlatforms) = preSolution
		Debug|Any CPU = Debug|Any CPU
		Release|Any CPU = Release|Any CPU
	EndGlobalSection
	GlobalSection(ProjectConfigurationPlatforms) = postSolution
		{0A1B5F99-1867-42C9-9568-CAD7B610CC2C}.Debug|Any CPU.ActiveCfg = Debug|Any CPU
		{0A1B5F99-1867-42C9-9568-CAD7B610CC2C}.Debug|Any CPU.Build.0 = Debug|Any CPU
		{0A1B5F99-1867-42C9-9568-CAD7B610CC2C}.Debug|Any CPU.Deploy.0 = Debug|Any CPU
		{0A1B5F99-1867-42C9-9568-CAD7B610CC2C}.Release|Any CPU.ActiveCfg = Release|Any CPU
		{0A1B5F99-1867-42C9-9568-CAD7B610CC2C}.Release|Any CPU.Build.0 = Release|Any CPU
		{0A1B5F99-1867-42C9-9568-CAD7B610CC2C}.Release|Any CPU.Deploy.0 = Release|Any CPU
	EndGlobalSection
	GlobalSection(SolutionProperties) = preSolution
		HideSolutionNode = FALSE
	EndGlobalSection
	GlobalSection(ExtensibilityGlobals) = postSolution
		SolutionGuid = {D9E866A6-E429-427F-A0E9-EEC873BC3FCC}
	EndGlobalSection
EndGlobal
