
Microsoft Visual Studio Solution File, Format Version 12.00
# Visual Studio Version 17
VisualStudioVersion = 17.6.33815.320
MinimumVisualStudioVersion = 10.0.40219.1
Project("{FAE04EC0-301F-11D3-BF4B-00C04F79EFBC}") = "WhiteBoard", "WhiteBoard\WhiteBoard.csproj", "{65BD05EF-897A-4ABC-92D9-24BF49A6BEB6}"
EndProject
Global
	GlobalSection(SolutionConfigurationPlatforms) = preSolution
		Debug|Any CPU = Debug|Any CPU
		Release|Any CPU = Release|Any CPU
	EndGlobalSection
	GlobalSection(ProjectConfigurationPlatforms) = postSolution
		{65BD05EF-897A-4ABC-92D9-24BF49A6BEB6}.Debug|Any CPU.ActiveCfg = Debug|Any CPU
		{65BD05EF-897A-4ABC-92D9-24BF49A6BEB6}.Debug|Any CPU.Build.0 = Debug|Any CPU
		{65BD05EF-897A-4ABC-92D9-24BF49A6BEB6}.Release|Any CPU.ActiveCfg = Release|Any CPU
		{65BD05EF-897A-4ABC-92D9-24BF49A6BEB6}.Release|Any CPU.Build.0 = Release|Any CPU
	EndGlobalSection
	GlobalSection(SolutionProperties) = preSolution
		HideSolutionNode = FALSE
	EndGlobalSection
	GlobalSection(ExtensibilityGlobals) = postSolution
		SolutionGuid = {4F8D73EB-E81F-43C7-BF34-870D48EE6611}
	EndGlobalSection
EndGlobal
