
Microsoft Visual Studio Solution File, Format Version 12.00
# Visual Studio Version 17
VisualStudioVersion = 17.6.33815.320
MinimumVisualStudioVersion = 10.0.40219.1
Project("{FAE04EC0-301F-11D3-BF4B-00C04F79EFBC}") = "Lesson1", "Lesson1\Lesson1.csproj", "{E133A037-07D4-4D30-BCDA-63560C031A52}"
EndProject
Global
	GlobalSection(SolutionConfigurationPlatforms) = preSolution
		Debug|Any CPU = Debug|Any CPU
		Release|Any CPU = Release|Any CPU
	EndGlobalSection
	GlobalSection(ProjectConfigurationPlatforms) = postSolution
		{E133A037-07D4-4D30-BCDA-63560C031A52}.Debug|Any CPU.ActiveCfg = Debug|Any CPU
		{E133A037-07D4-4D30-BCDA-63560C031A52}.Debug|Any CPU.Build.0 = Debug|Any CPU
		{E133A037-07D4-4D30-BCDA-63560C031A52}.Release|Any CPU.ActiveCfg = Release|Any CPU
		{E133A037-07D4-4D30-BCDA-63560C031A52}.Release|Any CPU.Build.0 = Release|Any CPU
	EndGlobalSection
	GlobalSection(SolutionProperties) = preSolution
		HideSolutionNode = FALSE
	EndGlobalSection
	GlobalSection(ExtensibilityGlobals) = postSolution
		SolutionGuid = {5C2BC0B0-16AA-4A9E-BBA8-CD42F6BD4E9D}
	EndGlobalSection
EndGlobal
