
Microsoft Visual Studio Solution File, Format Version 12.00
# Visual Studio Version 17
VisualStudioVersion = 17.6.33815.320
MinimumVisualStudioVersion = 10.0.40219.1
Project("{FAE04EC0-301F-11D3-BF4B-00C04F79EFBC}") = "Binding", "Binding\Binding.csproj", "{74CE4223-CB42-443D-BA13-8BFF25BB6C60}"
EndProject
Global
	GlobalSection(SolutionConfigurationPlatforms) = preSolution
		Debug|Any CPU = Debug|Any CPU
		Release|Any CPU = Release|Any CPU
	EndGlobalSection
	GlobalSection(ProjectConfigurationPlatforms) = postSolution
		{74CE4223-CB42-443D-BA13-8BFF25BB6C60}.Debug|Any CPU.ActiveCfg = Debug|Any CPU
		{74CE4223-CB42-443D-BA13-8BFF25BB6C60}.Debug|Any CPU.Build.0 = Debug|Any CPU
		{74CE4223-CB42-443D-BA13-8BFF25BB6C60}.Release|Any CPU.ActiveCfg = Release|Any CPU
		{74CE4223-CB42-443D-BA13-8BFF25BB6C60}.Release|Any CPU.Build.0 = Release|Any CPU
	EndGlobalSection
	GlobalSection(SolutionProperties) = preSolution
		HideSolutionNode = FALSE
	EndGlobalSection
	GlobalSection(ExtensibilityGlobals) = postSolution
		SolutionGuid = {06DB19DF-8BB9-4A4C-976D-70E886BD4955}
	EndGlobalSection
EndGlobal
