
Microsoft Visual Studio Solution File, Format Version 12.00
# Visual Studio Version 17
VisualStudioVersion = 17.9.34723.18
MinimumVisualStudioVersion = 10.0.40219.1
Project("{FAE04EC0-301F-11D3-BF4B-00C04F79EFBC}") = "MinimalFirst", "MinimalFirst\MinimalFirst.csproj", "{B0F1FE12-85B7-4494-8390-CF6272A26A01}"
EndProject
Global
	GlobalSection(SolutionConfigurationPlatforms) = preSolution
		Debug|Any CPU = Debug|Any CPU
		Release|Any CPU = Release|Any CPU
	EndGlobalSection
	GlobalSection(ProjectConfigurationPlatforms) = postSolution
		{B0F1FE12-85B7-4494-8390-CF6272A26A01}.Debug|Any CPU.ActiveCfg = Debug|Any CPU
		{B0F1FE12-85B7-4494-8390-CF6272A26A01}.Debug|Any CPU.Build.0 = Debug|Any CPU
		{B0F1FE12-85B7-4494-8390-CF6272A26A01}.Release|Any CPU.ActiveCfg = Release|Any CPU
		{B0F1FE12-85B7-4494-8390-CF6272A26A01}.Release|Any CPU.Build.0 = Release|Any CPU
	EndGlobalSection
	GlobalSection(SolutionProperties) = preSolution
		HideSolutionNode = FALSE
	EndGlobalSection
	GlobalSection(ExtensibilityGlobals) = postSolution
		SolutionGuid = {B9346281-78B8-4364-9C30-FAFE5FC7907A}
	EndGlobalSection
EndGlobal
