
Microsoft Visual Studio Solution File, Format Version 12.00
Project("{FAE04EC0-301F-11D3-BF4B-00C04F79EFBC}") = "TestApi", "TestApi\TestApi.csproj", "{C5816D2F-16FD-4161-BDED-67CF568DBE64}"
EndProject
Global
	GlobalSection(SolutionConfigurationPlatforms) = preSolution
		Debug|Any CPU = Debug|Any CPU
		Release|Any CPU = Release|Any CPU
	EndGlobalSection
	GlobalSection(ProjectConfigurationPlatforms) = postSolution
		{C5816D2F-16FD-4161-BDED-67CF568DBE64}.Debug|Any CPU.ActiveCfg = Debug|Any CPU
		{C5816D2F-16FD-4161-BDED-67CF568DBE64}.Debug|Any CPU.Build.0 = Debug|Any CPU
		{C5816D2F-16FD-4161-BDED-67CF568DBE64}.Release|Any CPU.ActiveCfg = Release|Any CPU
		{C5816D2F-16FD-4161-BDED-67CF568DBE64}.Release|Any CPU.Build.0 = Release|Any CPU
	EndGlobalSection
EndGlobal
