
Microsoft Visual Studio Solution File, Format Version 12.00
# Visual Studio Version 17
VisualStudioVersion = 17.8.34309.116
MinimumVisualStudioVersion = 10.0.40219.1
Project("{FAE04EC0-301F-11D3-BF4B-00C04F79EFBC}") = "Adapter", "Adapter\Adapter.csproj", "{D1DF9067-E79A-491F-BDB0-DE74483E4DF6}"
EndProject
Project("{FAE04EC0-301F-11D3-BF4B-00C04F79EFBC}") = "Bridge", "Bridge\Bridge.csproj", "{2F8A1952-E240-4DFE-A3E3-4CE6A87D5B7F}"
EndProject
Project("{FAE04EC0-301F-11D3-BF4B-00C04F79EFBC}") = "Decorator", "Decorator\Decorator.csproj", "{9CA044FA-F718-480A-82B0-2BF41DD3BA5B}"
EndProject
Global
	GlobalSection(SolutionConfigurationPlatforms) = preSolution
		Debug|Any CPU = Debug|Any CPU
		Release|Any CPU = Release|Any CPU
	EndGlobalSection
	GlobalSection(ProjectConfigurationPlatforms) = postSolution
		{D1DF9067-E79A-491F-BDB0-DE74483E4DF6}.Debug|Any CPU.ActiveCfg = Debug|Any CPU
		{D1DF9067-E79A-491F-BDB0-DE74483E4DF6}.Debug|Any CPU.Build.0 = Debug|Any CPU
		{D1DF9067-E79A-491F-BDB0-DE74483E4DF6}.Release|Any CPU.ActiveCfg = Release|Any CPU
		{D1DF9067-E79A-491F-BDB0-DE74483E4DF6}.Release|Any CPU.Build.0 = Release|Any CPU
		{2F8A1952-E240-4DFE-A3E3-4CE6A87D5B7F}.Debug|Any CPU.ActiveCfg = Debug|Any CPU
		{2F8A1952-E240-4DFE-A3E3-4CE6A87D5B7F}.Debug|Any CPU.Build.0 = Debug|Any CPU
		{2F8A1952-E240-4DFE-A3E3-4CE6A87D5B7F}.Release|Any CPU.ActiveCfg = Release|Any CPU
		{2F8A1952-E240-4DFE-A3E3-4CE6A87D5B7F}.Release|Any CPU.Build.0 = Release|Any CPU
		{9CA044FA-F718-480A-82B0-2BF41DD3BA5B}.Debug|Any CPU.ActiveCfg = Debug|Any CPU
		{9CA044FA-F718-480A-82B0-2BF41DD3BA5B}.Debug|Any CPU.Build.0 = Debug|Any CPU
		{9CA044FA-F718-480A-82B0-2BF41DD3BA5B}.Release|Any CPU.ActiveCfg = Release|Any CPU
		{9CA044FA-F718-480A-82B0-2BF41DD3BA5B}.Release|Any CPU.Build.0 = Release|Any CPU
	EndGlobalSection
	GlobalSection(SolutionProperties) = preSolution
		HideSolutionNode = FALSE
	EndGlobalSection
	GlobalSection(ExtensibilityGlobals) = postSolution
		SolutionGuid = {6CF1CDB6-368D-46E6-8F02-ED6AF8EB7CBC}
	EndGlobalSection
EndGlobal
