
Microsoft Visual Studio Solution File, Format Version 12.00
# Visual Studio Version 17
VisualStudioVersion = 17.4.33020.496
MinimumVisualStudioVersion = 10.0.40219.1
Project("{8BC9CEB8-8B4A-11D0-8D11-00A0C91BC942}") = "For", "For\For.vcxproj", "{57D0316D-E8E4-41F4-A8B2-94F244783B86}"
EndProject
Global
	GlobalSection(SolutionConfigurationPlatforms) = preSolution
		Debug|x64 = Debug|x64
		Debug|x86 = Debug|x86
		Release|x64 = Release|x64
		Release|x86 = Release|x86
	EndGlobalSection
	GlobalSection(ProjectConfigurationPlatforms) = postSolution
		{57D0316D-E8E4-41F4-A8B2-94F244783B86}.Debug|x64.ActiveCfg = Debug|x64
		{57D0316D-E8E4-41F4-A8B2-94F244783B86}.Debug|x64.Build.0 = Debug|x64
		{57D0316D-E8E4-41F4-A8B2-94F244783B86}.Debug|x86.ActiveCfg = Debug|Win32
		{57D0316D-E8E4-41F4-A8B2-94F244783B86}.Debug|x86.Build.0 = Debug|Win32
		{57D0316D-E8E4-41F4-A8B2-94F244783B86}.Release|x64.ActiveCfg = Release|x64
		{57D0316D-E8E4-41F4-A8B2-94F244783B86}.Release|x64.Build.0 = Release|x64
		{57D0316D-E8E4-41F4-A8B2-94F244783B86}.Release|x86.ActiveCfg = Release|Win32
		{57D0316D-E8E4-41F4-A8B2-94F244783B86}.Release|x86.Build.0 = Release|Win32
	EndGlobalSection
	GlobalSection(SolutionProperties) = preSolution
		HideSolutionNode = FALSE
	EndGlobalSection
	GlobalSection(ExtensibilityGlobals) = postSolution
		SolutionGuid = {E40935A1-7E32-41C2-A536-8FC5B0EA4FDB}
	EndGlobalSection
EndGlobal
