
Microsoft Visual Studio Solution File, Format Version 12.00
# Visual Studio Version 17
VisualStudioVersion = 17.6.33815.320
MinimumVisualStudioVersion = 10.0.40219.1
Project("{FAE04EC0-301F-11D3-BF4B-00C04F79EFBC}") = "PropertyChangedCommand", "PropertyChangedCommand\PropertyChangedCommand.csproj", "{C19EEBBB-A1ED-46B1-9867-A169B0FB36D2}"
EndProject
Global
	GlobalSection(SolutionConfigurationPlatforms) = preSolution
		Debug|Any CPU = Debug|Any CPU
		Release|Any CPU = Release|Any CPU
	EndGlobalSection
	GlobalSection(ProjectConfigurationPlatforms) = postSolution
		{C19EEBBB-A1ED-46B1-9867-A169B0FB36D2}.Debug|Any CPU.ActiveCfg = Debug|Any CPU
		{C19EEBBB-A1ED-46B1-9867-A169B0FB36D2}.Debug|Any CPU.Build.0 = Debug|Any CPU
		{C19EEBBB-A1ED-46B1-9867-A169B0FB36D2}.Release|Any CPU.ActiveCfg = Release|Any CPU
		{C19EEBBB-A1ED-46B1-9867-A169B0FB36D2}.Release|Any CPU.Build.0 = Release|Any CPU
	EndGlobalSection
	GlobalSection(SolutionProperties) = preSolution
		HideSolutionNode = FALSE
	EndGlobalSection
	GlobalSection(ExtensibilityGlobals) = postSolution
		SolutionGuid = {73890319-A6A9-4CEE-9B00-D694081A2BCE}
	EndGlobalSection
EndGlobal
