
Microsoft Visual Studio Solution File, Format Version 12.00
# Visual Studio Version 17
VisualStudioVersion = 17.9.34723.18
MinimumVisualStudioVersion = 10.0.40219.1
Project("{FAE04EC0-301F-11D3-BF4B-00C04F79EFBC}") = "ApiFirst", "ApiFirst\ApiFirst.csproj", "{3185A004-15D8-4EB2-A904-C246E09FC31A}"
EndProject
Global
	GlobalSection(SolutionConfigurationPlatforms) = preSolution
		Debug|Any CPU = Debug|Any CPU
		Release|Any CPU = Release|Any CPU
	EndGlobalSection
	GlobalSection(ProjectConfigurationPlatforms) = postSolution
		{3185A004-15D8-4EB2-A904-C246E09FC31A}.Debug|Any CPU.ActiveCfg = Debug|Any CPU
		{3185A004-15D8-4EB2-A904-C246E09FC31A}.Debug|Any CPU.Build.0 = Debug|Any CPU
		{3185A004-15D8-4EB2-A904-C246E09FC31A}.Release|Any CPU.ActiveCfg = Release|Any CPU
		{3185A004-15D8-4EB2-A904-C246E09FC31A}.Release|Any CPU.Build.0 = Release|Any CPU
	EndGlobalSection
	GlobalSection(SolutionProperties) = preSolution
		HideSolutionNode = FALSE
	EndGlobalSection
	GlobalSection(ExtensibilityGlobals) = postSolution
		SolutionGuid = {3F3AAFD5-463C-4CF3-AFF0-722AF17C2756}
	EndGlobalSection
EndGlobal
