
Microsoft Visual Studio Solution File, Format Version 12.00
Project("{FAE04EC0-301F-11D3-BF4B-00C04F79EFBC}") = "TaskLesson", "TaskLesson\TaskLesson.csproj", "{2722313B-A8C3-43A2-B0EE-DF61E0FA66B6}"
EndProject
Global
	GlobalSection(SolutionConfigurationPlatforms) = preSolution
		Debug|Any CPU = Debug|Any CPU
		Release|Any CPU = Release|Any CPU
	EndGlobalSection
	GlobalSection(ProjectConfigurationPlatforms) = postSolution
		{2722313B-A8C3-43A2-B0EE-DF61E0FA66B6}.Debug|Any CPU.ActiveCfg = Debug|Any CPU
		{2722313B-A8C3-43A2-B0EE-DF61E0FA66B6}.Debug|Any CPU.Build.0 = Debug|Any CPU
		{2722313B-A8C3-43A2-B0EE-DF61E0FA66B6}.Release|Any CPU.ActiveCfg = Release|Any CPU
		{2722313B-A8C3-43A2-B0EE-DF61E0FA66B6}.Release|Any CPU.Build.0 = Release|Any CPU
	EndGlobalSection
EndGlobal
