
Microsoft Visual Studio Solution File, Format Version 12.00
# Visual Studio Version 17
VisualStudioVersion = 17.8.34309.116
MinimumVisualStudioVersion = 10.0.40219.1
Project("{9A19103F-16F7-4668-BE54-9A1E7A4F7556}") = "Singleton", "Singleton\Singleton.csproj", "{362ABC11-5F6C-4259-ABFF-835724502959}"
EndProject
Project("{9A19103F-16F7-4668-BE54-9A1E7A4F7556}") = "Prototype", "Prototype\Prototype.csproj", "{28312B8A-BB58-45AD-A45C-CE9623C4FA95}"
EndProject
Project("{9A19103F-16F7-4668-BE54-9A1E7A4F7556}") = "FactoryMethod", "FactoryMethod\FactoryMethod.csproj", "{6FFB2D86-2ABF-4E18-BF43-2190AD29F9CB}"
EndProject
Project("{9A19103F-16F7-4668-BE54-9A1E7A4F7556}") = "Builder", "Builder\Builder.csproj", "{4232849C-47AD-4310-B0BE-62CCB92CFEA8}"
EndProject
Project("{FAE04EC0-301F-11D3-BF4B-00C04F79EFBC}") = "AbstractFactory", "AbstractFactory\AbstractFactory.csproj", "{99F22416-B686-4414-8CC0-C62B84F92BCF}"
EndProject
Global
	GlobalSection(SolutionConfigurationPlatforms) = preSolution
		Debug|Any CPU = Debug|Any CPU
		Release|Any CPU = Release|Any CPU
	EndGlobalSection
	GlobalSection(ProjectConfigurationPlatforms) = postSolution
		{362ABC11-5F6C-4259-ABFF-835724502959}.Debug|Any CPU.ActiveCfg = Debug|Any CPU
		{362ABC11-5F6C-4259-ABFF-835724502959}.Debug|Any CPU.Build.0 = Debug|Any CPU
		{362ABC11-5F6C-4259-ABFF-835724502959}.Release|Any CPU.ActiveCfg = Release|Any CPU
		{362ABC11-5F6C-4259-ABFF-835724502959}.Release|Any CPU.Build.0 = Release|Any CPU
		{28312B8A-BB58-45AD-A45C-CE9623C4FA95}.Debug|Any CPU.ActiveCfg = Debug|Any CPU
		{28312B8A-BB58-45AD-A45C-CE9623C4FA95}.Debug|Any CPU.Build.0 = Debug|Any CPU
		{28312B8A-BB58-45AD-A45C-CE9623C4FA95}.Release|Any CPU.ActiveCfg = Release|Any CPU
		{28312B8A-BB58-45AD-A45C-CE9623C4FA95}.Release|Any CPU.Build.0 = Release|Any CPU
		{6FFB2D86-2ABF-4E18-BF43-2190AD29F9CB}.Debug|Any CPU.ActiveCfg = Debug|Any CPU
		{6FFB2D86-2ABF-4E18-BF43-2190AD29F9CB}.Debug|Any CPU.Build.0 = Debug|Any CPU
		{6FFB2D86-2ABF-4E18-BF43-2190AD29F9CB}.Release|Any CPU.ActiveCfg = Release|Any CPU
		{6FFB2D86-2ABF-4E18-BF43-2190AD29F9CB}.Release|Any CPU.Build.0 = Release|Any CPU
		{4232849C-47AD-4310-B0BE-62CCB92CFEA8}.Debug|Any CPU.ActiveCfg = Debug|Any CPU
		{4232849C-47AD-4310-B0BE-62CCB92CFEA8}.Debug|Any CPU.Build.0 = Debug|Any CPU
		{4232849C-47AD-4310-B0BE-62CCB92CFEA8}.Release|Any CPU.ActiveCfg = Release|Any CPU
		{4232849C-47AD-4310-B0BE-62CCB92CFEA8}.Release|Any CPU.Build.0 = Release|Any CPU
		{99F22416-B686-4414-8CC0-C62B84F92BCF}.Debug|Any CPU.ActiveCfg = Debug|Any CPU
		{99F22416-B686-4414-8CC0-C62B84F92BCF}.Debug|Any CPU.Build.0 = Debug|Any CPU
		{99F22416-B686-4414-8CC0-C62B84F92BCF}.Release|Any CPU.ActiveCfg = Release|Any CPU
		{99F22416-B686-4414-8CC0-C62B84F92BCF}.Release|Any CPU.Build.0 = Release|Any CPU
	EndGlobalSection
	GlobalSection(SolutionProperties) = preSolution
		HideSolutionNode = FALSE
	EndGlobalSection
	GlobalSection(ExtensibilityGlobals) = postSolution
		SolutionGuid = {D95675E6-E786-4FC7-A615-FB2DBCB8ED3A}
	EndGlobalSection
EndGlobal
