
Microsoft Visual Studio Solution File, Format Version 12.00
Project("{FAE04EC0-301F-11D3-BF4B-00C04F79EFBC}") = "Sender", "Sender\Sender.csproj", "{422A47B8-7BAD-4BED-A0F3-D40FDF5188D8}"
EndProject
Project("{FAE04EC0-301F-11D3-BF4B-00C04F79EFBC}") = "Receiver", "Receiver\Receiver.csproj", "{D1E242E4-7C86-49C2-BED0-78277BCC6C72}"
EndProject
Global
	GlobalSection(SolutionConfigurationPlatforms) = preSolution
		Debug|Any CPU = Debug|Any CPU
		Release|Any CPU = Release|Any CPU
	EndGlobalSection
	GlobalSection(ProjectConfigurationPlatforms) = postSolution
		{422A47B8-7BAD-4BED-A0F3-D40FDF5188D8}.Debug|Any CPU.ActiveCfg = Debug|Any CPU
		{422A47B8-7BAD-4BED-A0F3-D40FDF5188D8}.Debug|Any CPU.Build.0 = Debug|Any CPU
		{422A47B8-7BAD-4BED-A0F3-D40FDF5188D8}.Release|Any CPU.ActiveCfg = Release|Any CPU
		{422A47B8-7BAD-4BED-A0F3-D40FDF5188D8}.Release|Any CPU.Build.0 = Release|Any CPU
		{D1E242E4-7C86-49C2-BED0-78277BCC6C72}.Debug|Any CPU.ActiveCfg = Debug|Any CPU
		{D1E242E4-7C86-49C2-BED0-78277BCC6C72}.Debug|Any CPU.Build.0 = Debug|Any CPU
		{D1E242E4-7C86-49C2-BED0-78277BCC6C72}.Release|Any CPU.ActiveCfg = Release|Any CPU
		{D1E242E4-7C86-49C2-BED0-78277BCC6C72}.Release|Any CPU.Build.0 = Release|Any CPU
	EndGlobalSection
EndGlobal
