
Microsoft Visual Studio Solution File, Format Version 12.00
Project("{FAE04EC0-301F-11D3-BF4B-00C04F79EFBC}") = "Disconnected", "Disconnected\Disconnected.csproj", "{3CE235D8-01C7-4419-8334-24AE2C8B449E}"
EndProject
Project("{FAE04EC0-301F-11D3-BF4B-00C04F79EFBC}") = "SqlInjection", "SqlInjection\SqlInjection.csproj", "{E8362322-0369-4529-B6EB-EF3665AAEF5F}"
EndProject
Global
	GlobalSection(SolutionConfigurationPlatforms) = preSolution
		Debug|Any CPU = Debug|Any CPU
		Release|Any CPU = Release|Any CPU
	EndGlobalSection
	GlobalSection(ProjectConfigurationPlatforms) = postSolution
		{3CE235D8-01C7-4419-8334-24AE2C8B449E}.Debug|Any CPU.ActiveCfg = Debug|Any CPU
		{3CE235D8-01C7-4419-8334-24AE2C8B449E}.Debug|Any CPU.Build.0 = Debug|Any CPU
		{3CE235D8-01C7-4419-8334-24AE2C8B449E}.Release|Any CPU.ActiveCfg = Release|Any CPU
		{3CE235D8-01C7-4419-8334-24AE2C8B449E}.Release|Any CPU.Build.0 = Release|Any CPU
		{E8362322-0369-4529-B6EB-EF3665AAEF5F}.Debug|Any CPU.ActiveCfg = Debug|Any CPU
		{E8362322-0369-4529-B6EB-EF3665AAEF5F}.Debug|Any CPU.Build.0 = Debug|Any CPU
		{E8362322-0369-4529-B6EB-EF3665AAEF5F}.Release|Any CPU.ActiveCfg = Release|Any CPU
		{E8362322-0369-4529-B6EB-EF3665AAEF5F}.Release|Any CPU.Build.0 = Release|Any CPU
	EndGlobalSection
EndGlobal
