
Microsoft Visual Studio Solution File, Format Version 12.00
Project("{FAE04EC0-301F-11D3-BF4B-00C04F79EFBC}") = "Lesson5", "Lesson5\Lesson5.csproj", "{701E1F24-C8CD-4443-8D8B-34EF29F1F1D5}"
EndProject
Global
	GlobalSection(SolutionConfigurationPlatforms) = preSolution
		Debug|Any CPU = Debug|Any CPU
		Release|Any CPU = Release|Any CPU
	EndGlobalSection
	GlobalSection(ProjectConfigurationPlatforms) = postSolution
		{701E1F24-C8CD-4443-8D8B-34EF29F1F1D5}.Debug|Any CPU.ActiveCfg = Debug|Any CPU
		{701E1F24-C8CD-4443-8D8B-34EF29F1F1D5}.Debug|Any CPU.Build.0 = Debug|Any CPU
		{701E1F24-C8CD-4443-8D8B-34EF29F1F1D5}.Release|Any CPU.ActiveCfg = Release|Any CPU
		{701E1F24-C8CD-4443-8D8B-34EF29F1F1D5}.Release|Any CPU.Build.0 = Release|Any CPU
	EndGlobalSection
EndGlobal
