
Microsoft Visual Studio Solution File, Format Version 12.00
Project("{FAE04EC0-301F-11D3-BF4B-00C04F79EFBC}") = "GarbageCollection", "GarbageCollection\GarbageCollection.csproj", "{AD8A5600-39E3-40FD-A35F-694805DB8BD9}"
EndProject
Global
	GlobalSection(SolutionConfigurationPlatforms) = preSolution
		Debug|Any CPU = Debug|Any CPU
		Release|Any CPU = Release|Any CPU
	EndGlobalSection
	GlobalSection(ProjectConfigurationPlatforms) = postSolution
		{AD8A5600-39E3-40FD-A35F-694805DB8BD9}.Debug|Any CPU.ActiveCfg = Debug|Any CPU
		{AD8A5600-39E3-40FD-A35F-694805DB8BD9}.Debug|Any CPU.Build.0 = Debug|Any CPU
		{AD8A5600-39E3-40FD-A35F-694805DB8BD9}.Release|Any CPU.ActiveCfg = Release|Any CPU
		{AD8A5600-39E3-40FD-A35F-694805DB8BD9}.Release|Any CPU.Build.0 = Release|Any CPU
	EndGlobalSection
EndGlobal
