
Microsoft Visual Studio Solution File, Format Version 12.00
# Visual Studio Version 17
VisualStudioVersion = 17.9.34622.214
MinimumVisualStudioVersion = 10.0.40219.1
Project("{9A19103F-16F7-4668-BE54-9A1E7A4F7556}") = "ImgurService", "ImgurService\ImgurService.csproj", "{80DBEA91-79EE-4255-9A7B-BAB5B738134B}"
EndProject
Project("{FAE04EC0-301F-11D3-BF4B-00C04F79EFBC}") = "ImgurPresentation", "ImgurPresentation\ImgurPresentation.csproj", "{4C2491EC-4252-4926-8650-42BCB06B8F3F}"
EndProject
Global
	GlobalSection(SolutionConfigurationPlatforms) = preSolution
		Debug|Any CPU = Debug|Any CPU
		Release|Any CPU = Release|Any CPU
	EndGlobalSection
	GlobalSection(ProjectConfigurationPlatforms) = postSolution
		{80DBEA91-79EE-4255-9A7B-BAB5B738134B}.Debug|Any CPU.ActiveCfg = Debug|Any CPU
		{80DBEA91-79EE-4255-9A7B-BAB5B738134B}.Debug|Any CPU.Build.0 = Debug|Any CPU
		{80DBEA91-79EE-4255-9A7B-BAB5B738134B}.Release|Any CPU.ActiveCfg = Release|Any CPU
		{80DBEA91-79EE-4255-9A7B-BAB5B738134B}.Release|Any CPU.Build.0 = Release|Any CPU
		{4C2491EC-4252-4926-8650-42BCB06B8F3F}.Debug|Any CPU.ActiveCfg = Debug|Any CPU
		{4C2491EC-4252-4926-8650-42BCB06B8F3F}.Debug|Any CPU.Build.0 = Debug|Any CPU
		{4C2491EC-4252-4926-8650-42BCB06B8F3F}.Release|Any CPU.ActiveCfg = Release|Any CPU
		{4C2491EC-4252-4926-8650-42BCB06B8F3F}.Release|Any CPU.Build.0 = Release|Any CPU
	EndGlobalSection
	GlobalSection(SolutionProperties) = preSolution
		HideSolutionNode = FALSE
	EndGlobalSection
	GlobalSection(ExtensibilityGlobals) = postSolution
		SolutionGuid = {A1348C6D-4B41-459E-BCFB-932CC8554F43}
	EndGlobalSection
EndGlobal
