
Microsoft Visual Studio Solution File, Format Version 12.00
Project("{FAE04EC0-301F-11D3-BF4B-00C04F79EFBC}") = "Events", "Events\Events.csproj", "{89FCC4DF-A80A-4D81-85FE-F8A35F45CB93}"
EndProject
Project("{FAE04EC0-301F-11D3-BF4B-00C04F79EFBC}") = "ButtonExample", "ButtonExample\ButtonExample.csproj", "{1AA3D01B-91A7-45DD-9858-0D9A81BE05FD}"
EndProject
Global
	GlobalSection(SolutionConfigurationPlatforms) = preSolution
		Debug|Any CPU = Debug|Any CPU
		Release|Any CPU = Release|Any CPU
	EndGlobalSection
	GlobalSection(ProjectConfigurationPlatforms) = postSolution
		{89FCC4DF-A80A-4D81-85FE-F8A35F45CB93}.Debug|Any CPU.ActiveCfg = Debug|Any CPU
		{89FCC4DF-A80A-4D81-85FE-F8A35F45CB93}.Debug|Any CPU.Build.0 = Debug|Any CPU
		{89FCC4DF-A80A-4D81-85FE-F8A35F45CB93}.Release|Any CPU.ActiveCfg = Release|Any CPU
		{89FCC4DF-A80A-4D81-85FE-F8A35F45CB93}.Release|Any CPU.Build.0 = Release|Any CPU
		{1AA3D01B-91A7-45DD-9858-0D9A81BE05FD}.Debug|Any CPU.ActiveCfg = Debug|Any CPU
		{1AA3D01B-91A7-45DD-9858-0D9A81BE05FD}.Debug|Any CPU.Build.0 = Debug|Any CPU
		{1AA3D01B-91A7-45DD-9858-0D9A81BE05FD}.Release|Any CPU.ActiveCfg = Release|Any CPU
		{1AA3D01B-91A7-45DD-9858-0D9A81BE05FD}.Release|Any CPU.Build.0 = Release|Any CPU
	EndGlobalSection
EndGlobal
