
Microsoft Visual Studio Solution File, Format Version 12.00
Project("{FAE04EC0-301F-11D3-BF4B-00C04F79EFBC}") = "Events", "Events\Events.csproj", "{B808D3E1-59DC-4680-9220-B3E371B50005}"
EndProject
Global
	GlobalSection(SolutionConfigurationPlatforms) = preSolution
		Debug|Any CPU = Debug|Any CPU
		Release|Any CPU = Release|Any CPU
	EndGlobalSection
	GlobalSection(ProjectConfigurationPlatforms) = postSolution
		{B808D3E1-59DC-4680-9220-B3E371B50005}.Debug|Any CPU.ActiveCfg = Debug|Any CPU
		{B808D3E1-59DC-4680-9220-B3E371B50005}.Debug|Any CPU.Build.0 = Debug|Any CPU
		{B808D3E1-59DC-4680-9220-B3E371B50005}.Release|Any CPU.ActiveCfg = Release|Any CPU
		{B808D3E1-59DC-4680-9220-B3E371B50005}.Release|Any CPU.Build.0 = Release|Any CPU
	EndGlobalSection
EndGlobal
