
Microsoft Visual Studio Solution File, Format Version 12.00
Project("{FAE04EC0-301F-11D3-BF4B-00C04F79EFBC}") = "DockerFirstSample", "DockerFirstSample.csproj", "{66A78942-C471-4282-ADF5-C3C79BED4E6A}"
EndProject
Global
	GlobalSection(SolutionConfigurationPlatforms) = preSolution
		Debug|Any CPU = Debug|Any CPU
		Release|Any CPU = Release|Any CPU
	EndGlobalSection
	GlobalSection(ProjectConfigurationPlatforms) = postSolution
		{66A78942-C471-4282-ADF5-C3C79BED4E6A}.Debug|Any CPU.ActiveCfg = Debug|Any CPU
		{66A78942-C471-4282-ADF5-C3C79BED4E6A}.Debug|Any CPU.Build.0 = Debug|Any CPU
		{66A78942-C471-4282-ADF5-C3C79BED4E6A}.Release|Any CPU.ActiveCfg = Release|Any CPU
		{66A78942-C471-4282-ADF5-C3C79BED4E6A}.Release|Any CPU.Build.0 = Release|Any CPU
	EndGlobalSection
EndGlobal
