
Microsoft Visual Studio Solution File, Format Version 12.00
Project("{FAE04EC0-301F-11D3-BF4B-00C04F79EFBC}") = "Repeat", "Repeat\Repeat.csproj", "{B2B2635B-9CD0-44DF-BBBB-C13071B8630E}"
EndProject
Global
	GlobalSection(SolutionConfigurationPlatforms) = preSolution
		Debug|Any CPU = Debug|Any CPU
		Release|Any CPU = Release|Any CPU
	EndGlobalSection
	GlobalSection(ProjectConfigurationPlatforms) = postSolution
		{B2B2635B-9CD0-44DF-BBBB-C13071B8630E}.Debug|Any CPU.ActiveCfg = Debug|Any CPU
		{B2B2635B-9CD0-44DF-BBBB-C13071B8630E}.Debug|Any CPU.Build.0 = Debug|Any CPU
		{B2B2635B-9CD0-44DF-BBBB-C13071B8630E}.Release|Any CPU.ActiveCfg = Release|Any CPU
		{B2B2635B-9CD0-44DF-BBBB-C13071B8630E}.Release|Any CPU.Build.0 = Release|Any CPU
	EndGlobalSection
EndGlobal
